PODS:
  - AFNetworking (3.1.0):
    - AFNetworking/NSURLSession (= 3.1.0)
    - AFNetworking/Reachability (= 3.1.0)
    - AFNetworking/Security (= 3.1.0)
    - AFNetworking/Serialization (= 3.1.0)
    - AFNetworking/UIKit (= 3.1.0)
  - AFNetworking/NSURLSession (3.1.0):
    - AFNetworking/Reachability
    - AFNetworking/Security
    - AFNetworking/Serialization
  - AFNetworking/Reachability (3.1.0)
  - AFNetworking/Security (3.1.0)
  - AFNetworking/Serialization (3.1.0)
  - AFNetworking/UIKit (3.1.0):
    - AFNetworking/NSURLSession
  - Expecta (1.0.5)
  - Expecta+Snapshots (3.1.1):
    - Expecta (~> 1.0)
    - FBSnapshotTestCase/Core (~> 2.0)
    - Specta (~> 1.0)
  - FBSnapshotTestCase (2.1.4):
    - FBSnapshotTestCase/SwiftSupport (= 2.1.4)
  - FBSnapshotTestCase/Core (2.1.4)
  - FBSnapshotTestCase/SwiftSupport (2.1.4):
    - FBSnapshotTestCase/Core
  - JSONModel (1.7.0)
  - openweather-obj-sdk (0.1.0):
    - AFNetworking (~> 3.1)
    - JSONModel (~> 1.7)
  - Specta (1.0.6)

DEPENDENCIES:
  - Expecta
  - Expecta+Snapshots
  - FBSnapshotTestCase
  - openweather-obj-sdk (from `../`)
  - Specta

EXTERNAL SOURCES:
  openweather-obj-sdk:
    :path: ../

SPEC CHECKSUMS:
  AFNetworking: 5e0e199f73d8626b11e79750991f5d173d1f8b67
  Expecta: e1c022fcd33910b6be89c291d2775b3fe27a89fe
  Expecta+Snapshots: dcff217eef506dabd6dfdc7864ea2da321fafbb8
  FBSnapshotTestCase: 094f9f314decbabe373b87cc339bea235a63e07a
  JSONModel: 840bc0fcffb24b8454d2c026bf26fea454b8e98d
  openweather-obj-sdk: f3abc3bb42ace7a2431188765a63fe71daeb78ae
  Specta: f506f3a8361de16bc0dcf3b17b75e269072ba465

PODFILE CHECKSUM: a5a99bb4169df241c904df5deb53f2809aa86f12

COCOAPODS: 1.2.0
